Microsoft Visual Studio Solution File, Format Version 11.00
# Visual Studio 2010
Project("{FAE04EC0-301F-11D3-BF4B-00C04F79EFBC}") = "Assembly-CSharp", "Assembly-CSharp.csproj", "{12CDC769-65F9-9F60-9EA8-C02EBC409860}"
EndProject
Project("{FAE04EC0-301F-11D3-BF4B-00C04F79EFBC}") = "Assembly-CSharp-Editor-firstpass", "Assembly-CSharp-Editor-firstpass.csproj", "{377DE558-0AAD-33EC-5891-B0D5F7D77E31}"
EndProject
Global
	GlobalSection(SolutionConfigurationPlatforms) = preSolution
		Debug|Any CPU = Debug|Any CPU
		Release|Any CPU = Release|Any CPU
	EndGlobalSection
	GlobalSection(ProjectConfigurationPlatforms) = postSolution
		{12CDC769-65F9-9F60-9EA8-C02EBC409860}.Debug|Any CPU.ActiveCfg = Debug|Any CPU
		{12CDC769-65F9-9F60-9EA8-C02EBC409860}.Debug|Any CPU.Build.0 = Debug|Any CPU
		{12CDC769-65F9-9F60-9EA8-C02EBC409860}.Release|Any CPU.ActiveCfg = Release|Any CPU
		{12CDC769-65F9-9F60-9EA8-C02EBC409860}.Release|Any CPU.Build.0 = Release|Any CPU
		{377DE558-0AAD-33EC-5891-B0D5F7D77E31}.Debug|Any CPU.ActiveCfg = Debug|Any CPU
		{377DE558-0AAD-33EC-5891-B0D5F7D77E31}.Debug|Any CPU.Build.0 = Debug|Any CPU
		{377DE558-0AAD-33EC-5891-B0D5F7D77E31}.Release|Any CPU.ActiveCfg = Release|Any CPU
		{377DE558-0AAD-33EC-5891-B0D5F7D77E31}.Release|Any CPU.Build.0 = Release|Any CPU
	EndGlobalSection
	GlobalSection(SolutionProperties) = preSolution
		HideSolutionNode = FALSE
	EndGlobalSection
	GlobalSection(MonoDevelopProperties) = preSolution
		StartupItem = Assembly-CSharp.csproj
	EndGlobalSection
EndGlobal
